// !$*UTF8*$!
{
	archiveVersion = 1;
	classes = {
	};
	objectVersion = 56;
	objects = {

/* Begin PBXBuildFile section */
		BFB4A5322A0D746D00C7B228 /* MoreUIComponentsApp.swift in Sources */ = {isa = PBXBuildFile; fileRef = BFB4A5312A0D746D00C7B228 /* MoreUIComponentsApp.swift */; };
		BFB4A5342A0D746D00C7B228 /* WithVStackView.swift in Sources */ = {isa = PBXBuildFile; fileRef = BFB4A5332A0D746D00C7B228 /* WithVStackView.swift */; };
		BFB4A5362A0D746E00C7B228 /* Assets.xcassets in Resources */ = {isa = PBXBuildFile; fileRef = BFB4A5352A0D746E00C7B228 /* Assets.xcassets */; };
		BFB4A5392A0D746E00C7B228 /* Preview Assets.xcassets in Resources */ = {isa = PBXBuildFile; fileRef = BFB4A5382A0D746E00C7B228 /* Preview Assets.xcassets */; };
		BFB4A5402A0D75B000C7B228 /* WithListView.swift in Sources */ = {isa = PBXBuildFile; fileRef = BFB4A53F2A0D75B000C7B228 /* WithListView.swift */; };
		BFB4A5422A0D768100C7B228 /* WithLazyVStack.swift in Sources */ = {isa = PBXBuildFile; fileRef = BFB4A5412A0D768100C7B228 /* WithLazyVStack.swift */; };
		BFB4A5442A0D784200C7B228 /* WithGridView.swift in Sources */ = {isa = PBXBuildFile; fileRef = BFB4A5432A0D784200C7B228 /* WithGridView.swift */; };
/* End PBXBuildFile section */

/* Begin PBXFileReference section */
		BFB4A52E2A0D746D00C7B228 /* MoreUIComponents.app */ = {isa = PBXFileReference; explicitFileType = wrapper.application; includeInIndex = 0; path = MoreUIComponents.app; sourceTree = BUILT_PRODUCTS_DIR; };
		BFB4A5312A0D746D00C7B228 /* MoreUIComponentsApp.swift */ = {isa = PBXFileReference; lastKnownFileType = sourcecode.swift; path = MoreUIComponentsApp.swift; sourceTree = "<group>"; };
		BFB4A5332A0D746D00C7B228 /* WithVStackView.swift */ = {isa = PBXFileReference; lastKnownFileType = sourcecode.swift; path = WithVStackView.swift; sourceTree = "<group>"; };
		BFB4A5352A0D746E00C7B228 /* Assets.xcassets */ = {isa = PBXFileReference; lastKnownFileType = folder.assetcatalog; path = Assets.xcassets; sourceTree = "<group>"; };
		BFB4A5382A0D746E00C7B228 /* Preview Assets.xcassets */ = {isa = PBXFileReference; lastKnownFileType = folder.assetcatalog; path = "Preview Assets.xcassets"; sourceTree = "<group>"; };
		BFB4A53F2A0D75B000C7B228 /* WithListView.swift */ = {isa = PBXFileReference; lastKnownFileType = sourcecode.swift; path = WithListView.swift; sourceTree = "<group>"; };
		BFB4A5412A0D768100C7B228 /* WithLazyVStack.swift */ = {isa = PBXFileReference; lastKnownFileType = sourcecode.swift; path = WithLazyVStack.swift; sourceTree = "<group>"; };
		BFB4A5432A0D784200C7B228 /* WithGridView.swift */ = {isa = PBXFileReference; lastKnownFileType = sourcecode.swift; path = WithGridView.swift; sourceTree = "<group>"; };
/* End PBXFileReference section */

/* Begin PBXFrameworksBuildPhase section */
		BFB4A52B2A0D746D00C7B228 /* Frameworks */ = {
			isa = PBXFrameworksBuildPhase;
			buildActionMask = 2147483647;
			files = (
			);
			runOnlyForDeploymentPostprocessing = 0;
		};
/* End PBXFrameworksBuildPhase section */

/* Begin PBXGroup section */
		BFB4A5252A0D746D00C7B228 = {
			isa = PBXGroup;
			children = (
				BFB4A5302A0D746D00C7B228 /* MoreUIComponents */,
				BFB4A52F2A0D746D00C7B228 /* Products */,
			);
			sourceTree = "<group>";
		};
		BFB4A52F2A0D746D00C7B228 /* Products */ = {
			isa = PBXGroup;
			children = (
				BFB4A52E2A0D746D00C7B228 /* MoreUIComponents.app */,
			);
			name = Products;
			sourceTree = "<group>";
		};
		BFB4A5302A0D746D00C7B228 /* MoreUIComponents */ = {
			isa = PBXGroup;
			children = (
				BFB4A5312A0D746D00C7B228 /* MoreUIComponentsApp.swift */,
				BFB4A5332A0D746D00C7B228 /* WithVStackView.swift */,
				BFB4A5412A0D768100C7B228 /* WithLazyVStack.swift */,
				BFB4A53F2A0D75B000C7B228 /* WithListView.swift */,
				BFB4A5432A0D784200C7B228 /* WithGridView.swift */,
				BFB4A5352A0D746E00C7B228 /* Assets.xcassets */,
				BFB4A5372A0D746E00C7B228 /* Preview Content */,
			);
			path = MoreUIComponents;
			sourceTree = "<group>";
		};
		BFB4A5372A0D746E00C7B228 /* Preview Content */ = {
			isa = PBXGroup;
			children = (
				BFB4A5382A0D746E00C7B228 /* Preview Assets.xcassets */,
			);
			path = "Preview Content";
			sourceTree = "<group>";
		};
/* End PBXGroup section */

/* Begin PBXNativeTarget section */
		BFB4A52D2A0D746D00C7B228 /* MoreUIComponents */ = {
			isa = PBXNativeTarget;
			buildConfigurationList = BFB4A53C2A0D746E00C7B228 /* Build configuration list for PBXNativeTarget "MoreUIComponents" */;
			buildPhases = (
				BFB4A52A2A0D746D00C7B228 /* Sources */,
				BFB4A52B2A0D746D00C7B228 /* Frameworks */,
				BFB4A52C2A0D746D00C7B228 /* Resources */,
			);
			buildRules = (
			);
			dependencies = (
			);
			name = MoreUIComponents;
			productName = MoreUIComponents;
			productReference = BFB4A52E2A0D746D00C7B228 /* MoreUIComponents.app */;
			productType = "com.apple.product-type.application";
		};
/* End PBXNativeTarget section */

/* Begin PBXProject section */
		BFB4A5262A0D746D00C7B228 /* Project object */ = {
			isa = PBXProject;
			attributes = {
				BuildIndependentTargetsInParallel = 1;
				LastSwiftUpdateCheck = 1420;
				LastUpgradeCheck = 1420;
				TargetAttributes = {
					BFB4A52D2A0D746D00C7B228 = {
						CreatedOnToolsVersion = 14.2;
					};
				};
			};
			buildConfigurationList = BFB4A5292A0D746D00C7B228 /* Build configuration list for PBXProject "MoreUIComponents" */;
			compatibilityVersion = "Xcode 14.0";
			developmentRegion = en;
			hasScannedForEncodings = 0;
			knownRegions = (
				en,
				Base,
			);
			mainGroup = BFB4A5252A0D746D00C7B228;
			productRefGroup = BFB4A52F2A0D746D00C7B228 /* Products */;
			projectDirPath = "";
			projectRoot = "";
			targets = (
				BFB4A52D2A0D746D00C7B228 /* MoreUIComponents */,
			);
		};
/* End PBXProject section */

/* Begin PBXResourcesBuildPhase section */
		BFB4A52C2A0D746D00C7B228 /* Resources */ = {
			isa = PBXResourcesBuildPhase;
			buildActionMask = 2147483647;
			files = (
				BFB4A5392A0D746E00C7B228 /* Preview Assets.xcassets in Resources */,
				BFB4A5362A0D746E00C7B228 /* Assets.xcassets in Resources */,
			);
			runOnlyForDeploymentPostprocessing = 0;
		};
/* End PBXResourcesBuildPhase section */

/* Begin PBXSourcesBuildPhase section */
		BFB4A52A2A0D746D00C7B228 /* Sources */ = {
			isa = PBXSourcesBuildPhase;
			buildActionMask = 2147483647;
			files = (
				BFB4A5342A0D746D00C7B228 /* WithVStackView.swift in Sources */,
				BFB4A5322A0D746D00C7B228 /* MoreUIComponentsApp.swift in Sources */,
				BFB4A5402A0D75B000C7B228 /* WithListView.swift in Sources */,
				BFB4A5422A0D768100C7B228 /* WithLazyVStack.swift in Sources */,
				BFB4A5442A0D784200C7B228 /* WithGridView.swift in Sources */,
			);
			runOnlyForDeploymentPostprocessing = 0;
		};
/* End PBXSourcesBuildPhase section */

/* Begin XCBuildConfiguration section */
		BFB4A53A2A0D746E00C7B228 /* Debug */ = {
			isa = XCBuildConfiguration;
			buildSettings = {
				ALWAYS_SEARCH_USER_PATHS = NO;
				CLANG_ANALYZER_NONNULL = YES;
				CLANG_ANALYZER_NUMBER_OBJECT_CONVERSION = YES_AGGRESSIVE;
				CLANG_CXX_LANGUAGE_STANDARD = "gnu++20";
				CLANG_ENABLE_MODULES = YES;
				CLANG_ENABLE_OBJC_ARC = YES;
				CLANG_ENABLE_OBJC_WEAK = YES;
				CLANG_WARN_BLOCK_CAPTURE_AUTORELEASING = YES;
				CLANG_WARN_BOOL_CONVERSION = YES;
				CLANG_WARN_COMMA = YES;
				CLANG_WARN_CONSTANT_CONVERSION = YES;
				CLANG_WARN_DEPRECATED_OBJC_IMPLEMENTATIONS = YES;
				CLANG_WARN_DIRECT_OBJC_ISA_USAGE = YES_ERROR;
				CLANG_WARN_DOCUMENTATION_COMMENTS = YES;
				CLANG_WARN_EMPTY_BODY = YES;
				CLANG_WARN_ENUM_CONVERSION = YES;
				CLANG_WARN_INFINITE_RECURSION = YES;
				CLANG_WARN_INT_CONVERSION = YES;
				CLANG_WARN_NON_LITERAL_NULL_CONVERSION = YES;
				CLANG_WARN_OBJC_IMPLICIT_RETAIN_SELF = YES;
				CLANG_WARN_OBJC_LITERAL_CONVERSION = YES;
				CLANG_WARN_OBJC_ROOT_CLASS = YES_ERROR;
				CLANG_WARN_QUOTED_INCLUDE_IN_FRAMEWORK_HEADER = YES;
				CLANG_WARN_RANGE_LOOP_ANALYSIS = YES;
				CLANG_WARN_STRICT_PROTOTYPES = YES;
				CLANG_WARN_SUSPICIOUS_MOVE = YES;
				CLANG_WARN_UNGUARDED_AVAILABILITY = YES_AGGRESSIVE;
				CLANG_WARN_UNREACHABLE_CODE = YES;
				CLANG_WARN__DUPLICATE_METHOD_MATCH = YES;
				COPY_PHASE_STRIP = NO;
				DEBUG_INFORMATION_FORMAT = dwarf;
				ENABLE_STRICT_OBJC_MSGSEND = YES;
				ENABLE_TESTABILITY = YES;
				GCC_C_LANGUAGE_STANDARD = gnu11;
				GCC_DYNAMIC_NO_PIC = NO;
				GCC_NO_COMMON_BLOCKS = YES;
				GCC_OPTIMIZATION_LEVEL = 0;
				GCC_PREPROCESSOR_DEFINITIONS = (
					"DEBUG=1",
					"$(inherited)",
				);
				GCC_WARN_64_TO_32_BIT_CONVERSION = YES;
				GCC_WARN_ABOUT_RETURN_TYPE = YES_ERROR;
				GCC_WARN_UNDECLARED_SELECTOR = YES;
				GCC_WARN_UNINITIALIZED_AUTOS = YES_AGGRESSIVE;
				GCC_WARN_UNUSED_FUNCTION = YES;
				GCC_WARN_UNUSED_VARIABLE = YES;
				IPHONEOS_DEPLOYMENT_TARGET = 16.2;
				MTL_ENABLE_DEBUG_INFO = INCLUDE_SOURCE;
				MTL_FAST_MATH = YES;
				ONLY_ACTIVE_ARCH = YES;
				SDKROOT = iphoneos;
				SWIFT_ACTIVE_COMPILATION_CONDITIONS = DEBUG;
				SWIFT_OPTIMIZATION_LEVEL = "-Onone";
			};
			name = Debug;
		};
		BFB4A53B2A0D746E00C7B228 /* Release */ = {
			isa = XCBuildConfiguration;
			buildSettings = {
				ALWAYS_SEARCH_USER_PATHS = NO;
				CLANG_ANALYZER_NONNULL = YES;
				CLANG_ANALYZER_NUMBER_OBJECT_CONVERSION = YES_AGGRESSIVE;
				CLANG_CXX_LANGUAGE_STANDARD = "gnu++20";
				CLANG_ENABLE_MODULES = YES;
				CLANG_ENABLE_OBJC_ARC = YES;
				CLANG_ENABLE_OBJC_WEAK = YES;
				CLANG_WARN_BLOCK_CAPTURE_AUTORELEASING = YES;
				CLANG_WARN_BOOL_CONVERSION = YES;
				CLANG_WARN_COMMA = YES;
				CLANG_WARN_CONSTANT_CONVERSION = YES;
				CLANG_WARN_DEPRECATED_OBJC_IMPLEMENTATIONS = YES;
				CLANG_WARN_DIRECT_OBJC_ISA_USAGE = YES_ERROR;
				CLANG_WARN_DOCUMENTATION_COMMENTS = YES;
				CLANG_WARN_EMPTY_BODY = YES;
				CLANG_WARN_ENUM_CONVERSION = YES;
				CLANG_WARN_INFINITE_RECURSION = YES;
				CLANG_WARN_INT_CONVERSION = YES;
				CLANG_WARN_NON_LITERAL_NULL_CONVERSION = YES;
				CLANG_WARN_OBJC_IMPLICIT_RETAIN_SELF = YES;
				CLANG_WARN_OBJC_LITERAL_CONVERSION = YES;
				CLANG_WARN_OBJC_ROOT_CLASS = YES_ERROR;
				CLANG_WARN_QUOTED_INCLUDE_IN_FRAMEWORK_HEADER = YES;
				CLANG_WARN_RANGE_LOOP_ANALYSIS = YES;
				CLANG_WARN_STRICT_PROTOTYPES = YES;
				CLANG_WARN_SUSPICIOUS_MOVE = YES;
				CLANG_WARN_UNGUARDED_AVAILABILITY = YES_AGGRESSIVE;
				CLANG_WARN_UNREACHABLE_CODE = YES;
				CLANG_WARN__DUPLICATE_METHOD_MATCH = YES;
				COPY_PHASE_STRIP = NO;
				DEBUG_INFORMATION_FORMAT = "dwarf-with-dsym";
				ENABLE_NS_ASSERTIONS = NO;
				ENABLE_STRICT_OBJC_MSGSEND = YES;
				GCC_C_LANGUAGE_STANDARD = gnu11;
				GCC_NO_COMMON_BLOCKS = YES;
				GCC_WARN_64_TO_32_BIT_CONVERSION = YES;
				GCC_WARN_ABOUT_RETURN_TYPE = YES_ERROR;
				GCC_WARN_UNDECLARED_SELECTOR = YES;
				GCC_WARN_UNINITIALIZED_AUTOS = YES_AGGRESSIVE;
				GCC_WARN_UNUSED_FUNCTION = YES;
				GCC_WARN_UNUSED_VARIABLE = YES;
				IPHONEOS_DEPLOYMENT_TARGET = 16.2;
				MTL_ENABLE_DEBUG_INFO = NO;
				MTL_FAST_MATH = YES;
				SDKROOT = iphoneos;
				SWIFT_COMPILATION_MODE = wholemodule;
				SWIFT_OPTIMIZATION_LEVEL = "-O";
				VALIDATE_PRODUCT = YES;
			};
			name = Release;
		};
		BFB4A53D2A0D746E00C7B228 /* Debug */ = {
			isa = XCBuildConfiguration;
			buildSettings = {
				ASSETCATALOG_COMPILER_APPICON_NAME = AppIcon;
				ASSETCATALOG_COMPILER_GLOBAL_ACCENT_COLOR_NAME = AccentColor;
				CODE_SIGN_STYLE = Automatic;
				CURRENT_PROJECT_VERSION = 1;
				DEVELOPMENT_ASSET_PATHS = "\"MoreUIComponents/Preview Content\"";
				DEVELOPMENT_TEAM = 2937XWQ9VF;
				ENABLE_PREVIEWS = YES;
				GENERATE_INFOPLIST_FILE = YES;
				INFOPLIST_KEY_UIApplicationSceneManifest_Generation = YES;
				INFOPLIST_KEY_UIApplicationSupportsIndirectInputEvents = YES;
				INFOPLIST_KEY_UILaunchScreen_Generation = YES;
				INFOPLIST_KEY_UISupportedInterfaceOrientations_iPad = "UIInterfaceOrientationPortrait UIInterfaceOrientationPortraitUpsideDown UIInterfaceOrientationLandscapeLeft UIInterfaceOrientationLandscapeRight";
				INFOPLIST_KEY_UISupportedInterfaceOrientations_iPhone = "UIInterfaceOrientationPortrait UIInterfaceOrientationLandscapeLeft UIInterfaceOrientationLandscapeRight";
				LD_RUNPATH_SEARCH_PATHS = (
					"$(inherited)",
					"@executable_path/Frameworks",
				);
				MARKETING_VERSION = 1.0;
				PRODUCT_BUNDLE_IDENTIFIER = com.vincentpradeilles.MoreUIComponents;
				PRODUCT_NAME = "$(TARGET_NAME)";
				SWIFT_EMIT_LOC_STRINGS = YES;
				SWIFT_VERSION = 5.0;
				TARGETED_DEVICE_FAMILY = "1,2";
			};
			name = Debug;
		};
		BFB4A53E2A0D746E00C7B228 /* Release */ = {
			isa = XCBuildConfiguration;
			buildSettings = {
				ASSETCATALOG_COMPILER_APPICON_NAME = AppIcon;
				ASSETCATALOG_COMPILER_GLOBAL_ACCENT_COLOR_NAME = AccentColor;
				CODE_SIGN_STYLE = Automatic;
				CURRENT_PROJECT_VERSION = 1;
				DEVELOPMENT_ASSET_PATHS = "\"MoreUIComponents/Preview Content\"";
				DEVELOPMENT_TEAM = 2937XWQ9VF;
				ENABLE_PREVIEWS = YES;
				GENERATE_INFOPLIST_FILE = YES;
				INFOPLIST_KEY_UIApplicationSceneManifest_Generation = YES;
				INFOPLIST_KEY_UIApplicationSupportsIndirectInputEvents = YES;
				INFOPLIST_KEY_UILaunchScreen_Generation = YES;
				INFOPLIST_KEY_UISupportedInterfaceOrientations_iPad = "UIInterfaceOrientationPortrait UIInterfaceOrientationPortraitUpsideDown UIInterfaceOrientationLandscapeLeft UIInterfaceOrientationLandscapeRight";
				INFOPLIST_KEY_UISupportedInterfaceOrientations_iPhone = "UIInterfaceOrientationPortrait UIInterfaceOrientationLandscapeLeft UIInterfaceOrientationLandscapeRight";
				LD_RUNPATH_SEARCH_PATHS = (
					"$(inherited)",
					"@executable_path/Frameworks",
				);
				MARKETING_VERSION = 1.0;
				PRODUCT_BUNDLE_IDENTIFIER = com.vincentpradeilles.MoreUIComponents;
				PRODUCT_NAME = "$(TARGET_NAME)";
				SWIFT_EMIT_LOC_STRINGS = YES;
				SWIFT_VERSION = 5.0;
				TARGETED_DEVICE_FAMILY = "1,2";
			};
			name = Release;
		};
/* End XCBuildConfiguration section */

/* Begin XCConfigurationList section */
		BFB4A5292A0D746D00C7B228 /* Build configuration list for PBXProject "MoreUIComponents" */ = {
			isa = XCConfigurationList;
			buildConfigurations = (
				BFB4A53A2A0D746E00C7B228 /* Debug */,
				BFB4A53B2A0D746E00C7B228 /* Release */,
			);
			defaultConfigurationIsVisible = 0;
			defaultConfigurationName = Release;
		};
		BFB4A53C2A0D746E00C7B228 /* Build configuration list for PBXNativeTarget "MoreUIComponents" */ = {
			isa = XCConfigurationList;
			buildConfigurations = (
				BFB4A53D2A0D746E00C7B228 /* Debug */,
				BFB4A53E2A0D746E00C7B228 /* Release */,
			);
			defaultConfigurationIsVisible = 0;
			defaultConfigurationName = Release;
		};
/* End XCConfigurationList section */
	};
	rootObject = BFB4A5262A0D746D00C7B228 /* Project object */;
}
